
Microsoft Visual Studio Solution File, Format Version 12.00
# Visual Studio Version 16
VisualStudioVersion = 16.0.29609.76
MinimumVisualStudioVersion = 10.0.40219.1
Project("{FAE04EC0-301F-11D3-BF4B-00C04F79EFBC}") = "KDS2_3", "KDS2_3\KDS2_3.csproj", "{CE320B7D-92F1-47FE-B804-1F3919984053}"
EndProject
Global
	GlobalSection(SolutionConfigurationPlatforms) = preSolution
		Debug|Any CPU = Debug|Any CPU
		Release|Any CPU = Release|Any CPU
	EndGlobalSection
	GlobalSection(ProjectConfigurationPlatforms) = postSolution
		{CE320B7D-92F1-47FE-B804-1F3919984053}.Debug|Any CPU.ActiveCfg = Debug|Any CPU
		{CE320B7D-92F1-47FE-B804-1F3919984053}.Debug|Any CPU.Build.0 = Debug|Any CPU
		{CE320B7D-92F1-47FE-B804-1F3919984053}.Release|Any CPU.ActiveCfg = Release|Any CPU
		{CE320B7D-92F1-47FE-B804-1F3919984053}.Release|Any CPU.Build.0 = Release|Any CPU
	EndGlobalSection
	GlobalSection(SolutionProperties) = preSolution
		HideSolutionNode = FALSE
	EndGlobalSection
	GlobalSection(ExtensibilityGlobals) = postSolution
		SolutionGuid = {2E76916D-630F-4CA2-AEBC-8FA9439DC2F1}
	EndGlobalSection
EndGlobal
