
Microsoft Visual Studio Solution File, Format Version 12.00
# Visual Studio Version 16
VisualStudioVersion = 16.0.29609.76
MinimumVisualStudioVersion = 10.0.40219.1
Project("{FAE04EC0-301F-11D3-BF4B-00C04F79EFBC}") = "ND_Ciklai_6", "ND_Ciklai_6\ND_Ciklai_6.csproj", "{1A402EF9-BFB4-48D4-AD49-35E8868BAFDD}"
EndProject
Global
	GlobalSection(SolutionConfigurationPlatforms) = preSolution
		Debug|Any CPU = Debug|Any CPU
		Release|Any CPU = Release|Any CPU
	EndGlobalSection
	GlobalSection(ProjectConfigurationPlatforms) = postSolution
		{1A402EF9-BFB4-48D4-AD49-35E8868BAFDD}.Debug|Any CPU.ActiveCfg = Debug|Any CPU
		{1A402EF9-BFB4-48D4-AD49-35E8868BAFDD}.Debug|Any CPU.Build.0 = Debug|Any CPU
		{1A402EF9-BFB4-48D4-AD49-35E8868BAFDD}.Release|Any CPU.ActiveCfg = Release|Any CPU
		{1A402EF9-BFB4-48D4-AD49-35E8868BAFDD}.Release|Any CPU.Build.0 = Release|Any CPU
	EndGlobalSection
	GlobalSection(SolutionProperties) = preSolution
		HideSolutionNode = FALSE
	EndGlobalSection
	GlobalSection(ExtensibilityGlobals) = postSolution
		SolutionGuid = {4F9B4540-F911-4CCB-AA36-05B597836D55}
	EndGlobalSection
EndGlobal
