
Microsoft Visual Studio Solution File, Format Version 12.00
# Visual Studio Version 16
VisualStudioVersion = 16.0.29609.76
MinimumVisualStudioVersion = 10.0.40219.1
Project("{FAE04EC0-301F-11D3-BF4B-00C04F79EFBC}") = "ND_Masyvai_4", "ND_Masyvai_4\ND_Masyvai_4.csproj", "{8A528357-9D52-4AA0-B4D6-2B9293C6D39F}"
EndProject
Global
	GlobalSection(SolutionConfigurationPlatforms) = preSolution
		Debug|Any CPU = Debug|Any CPU
		Release|Any CPU = Release|Any CPU
	EndGlobalSection
	GlobalSection(ProjectConfigurationPlatforms) = postSolution
		{8A528357-9D52-4AA0-B4D6-2B9293C6D39F}.Debug|Any CPU.ActiveCfg = Debug|Any CPU
		{8A528357-9D52-4AA0-B4D6-2B9293C6D39F}.Debug|Any CPU.Build.0 = Debug|Any CPU
		{8A528357-9D52-4AA0-B4D6-2B9293C6D39F}.Release|Any CPU.ActiveCfg = Release|Any CPU
		{8A528357-9D52-4AA0-B4D6-2B9293C6D39F}.Release|Any CPU.Build.0 = Release|Any CPU
	EndGlobalSection
	GlobalSection(SolutionProperties) = preSolution
		HideSolutionNode = FALSE
	EndGlobalSection
	GlobalSection(ExtensibilityGlobals) = postSolution
		SolutionGuid = {94EDC022-B5FA-4427-B52C-91A0DB22A8A0}
	EndGlobalSection
EndGlobal
