
Microsoft Visual Studio Solution File, Format Version 12.00
# Visual Studio Version 16
VisualStudioVersion = 16.0.29609.76
MinimumVisualStudioVersion = 10.0.40219.1
Project("{FAE04EC0-301F-11D3-BF4B-00C04F79EFBC}") = "ND_Masyvai_2", "ND_Masyvai_2\ND_Masyvai_2.csproj", "{F3E444BD-0F80-40B5-9F32-406F205396A9}"
EndProject
Global
	GlobalSection(SolutionConfigurationPlatforms) = preSolution
		Debug|Any CPU = Debug|Any CPU
		Release|Any CPU = Release|Any CPU
	EndGlobalSection
	GlobalSection(ProjectConfigurationPlatforms) = postSolution
		{F3E444BD-0F80-40B5-9F32-406F205396A9}.Debug|Any CPU.ActiveCfg = Debug|Any CPU
		{F3E444BD-0F80-40B5-9F32-406F205396A9}.Debug|Any CPU.Build.0 = Debug|Any CPU
		{F3E444BD-0F80-40B5-9F32-406F205396A9}.Release|Any CPU.ActiveCfg = Release|Any CPU
		{F3E444BD-0F80-40B5-9F32-406F205396A9}.Release|Any CPU.Build.0 = Release|Any CPU
	EndGlobalSection
	GlobalSection(SolutionProperties) = preSolution
		HideSolutionNode = FALSE
	EndGlobalSection
	GlobalSection(ExtensibilityGlobals) = postSolution
		SolutionGuid = {8E3BAA04-F069-40C2-AE2B-24A2CF15B9D6}
	EndGlobalSection
EndGlobal
