
Microsoft Visual Studio Solution File, Format Version 12.00
# Visual Studio Version 16
VisualStudioVersion = 16.0.29609.76
MinimumVisualStudioVersion = 10.0.40219.1
Project("{FAE04EC0-301F-11D3-BF4B-00C04F79EFBC}") = "KDS2_10", "KDS2_10\KDS2_10.csproj", "{F1024D0C-6F11-43FA-8804-BBCE9D2F80FD}"
EndProject
Global
	GlobalSection(SolutionConfigurationPlatforms) = preSolution
		Debug|Any CPU = Debug|Any CPU
		Release|Any CPU = Release|Any CPU
	EndGlobalSection
	GlobalSection(ProjectConfigurationPlatforms) = postSolution
		{F1024D0C-6F11-43FA-8804-BBCE9D2F80FD}.Debug|Any CPU.ActiveCfg = Debug|Any CPU
		{F1024D0C-6F11-43FA-8804-BBCE9D2F80FD}.Debug|Any CPU.Build.0 = Debug|Any CPU
		{F1024D0C-6F11-43FA-8804-BBCE9D2F80FD}.Release|Any CPU.ActiveCfg = Release|Any CPU
		{F1024D0C-6F11-43FA-8804-BBCE9D2F80FD}.Release|Any CPU.Build.0 = Release|Any CPU
	EndGlobalSection
	GlobalSection(SolutionProperties) = preSolution
		HideSolutionNode = FALSE
	EndGlobalSection
	GlobalSection(ExtensibilityGlobals) = postSolution
		SolutionGuid = {75587DB3-6905-4224-86F5-53052CE773F3}
	EndGlobalSection
EndGlobal
