
Microsoft Visual Studio Solution File, Format Version 12.00
# Visual Studio Version 16
VisualStudioVersion = 16.0.29609.76
MinimumVisualStudioVersion = 10.0.40219.1
Project("{FAE04EC0-301F-11D3-BF4B-00C04F79EFBC}") = "ND_Masyvai_5", "ND_Masyvai_5\ND_Masyvai_5.csproj", "{E7815587-F631-4871-A499-1268A01AA832}"
EndProject
Global
	GlobalSection(SolutionConfigurationPlatforms) = preSolution
		Debug|Any CPU = Debug|Any CPU
		Release|Any CPU = Release|Any CPU
	EndGlobalSection
	GlobalSection(ProjectConfigurationPlatforms) = postSolution
		{E7815587-F631-4871-A499-1268A01AA832}.Debug|Any CPU.ActiveCfg = Debug|Any CPU
		{E7815587-F631-4871-A499-1268A01AA832}.Debug|Any CPU.Build.0 = Debug|Any CPU
		{E7815587-F631-4871-A499-1268A01AA832}.Release|Any CPU.ActiveCfg = Release|Any CPU
		{E7815587-F631-4871-A499-1268A01AA832}.Release|Any CPU.Build.0 = Release|Any CPU
	EndGlobalSection
	GlobalSection(SolutionProperties) = preSolution
		HideSolutionNode = FALSE
	EndGlobalSection
	GlobalSection(ExtensibilityGlobals) = postSolution
		SolutionGuid = {E642B1E5-81EB-45E8-8AA5-357DDEC633E7}
	EndGlobalSection
EndGlobal
