
Microsoft Visual Studio Solution File, Format Version 12.00
# Visual Studio Version 16
VisualStudioVersion = 16.0.29609.76
MinimumVisualStudioVersion = 10.0.40219.1
Project("{FAE04EC0-301F-11D3-BF4B-00C04F79EFBC}") = "ND_Masyvai_8", "ND_Masyvai_8\ND_Masyvai_8.csproj", "{60564D95-8485-4C36-9EE0-F8A70FB0BB37}"
EndProject
Global
	GlobalSection(SolutionConfigurationPlatforms) = preSolution
		Debug|Any CPU = Debug|Any CPU
		Release|Any CPU = Release|Any CPU
	EndGlobalSection
	GlobalSection(ProjectConfigurationPlatforms) = postSolution
		{60564D95-8485-4C36-9EE0-F8A70FB0BB37}.Debug|Any CPU.ActiveCfg = Debug|Any CPU
		{60564D95-8485-4C36-9EE0-F8A70FB0BB37}.Debug|Any CPU.Build.0 = Debug|Any CPU
		{60564D95-8485-4C36-9EE0-F8A70FB0BB37}.Release|Any CPU.ActiveCfg = Release|Any CPU
		{60564D95-8485-4C36-9EE0-F8A70FB0BB37}.Release|Any CPU.Build.0 = Release|Any CPU
	EndGlobalSection
	GlobalSection(SolutionProperties) = preSolution
		HideSolutionNode = FALSE
	EndGlobalSection
	GlobalSection(ExtensibilityGlobals) = postSolution
		SolutionGuid = {B4E9D175-96C7-4195-9181-5CCE2CD96FE9}
	EndGlobalSection
EndGlobal
