
Microsoft Visual Studio Solution File, Format Version 12.00
# Visual Studio Version 16
VisualStudioVersion = 16.0.29609.76
MinimumVisualStudioVersion = 10.0.40219.1
Project("{FAE04EC0-301F-11D3-BF4B-00C04F79EFBC}") = "ND_Ciklai_3", "ND_Ciklai_3\ND_Ciklai_3.csproj", "{3C17BDB5-91EB-415E-BE77-592F38BE7DB9}"
EndProject
Global
	GlobalSection(SolutionConfigurationPlatforms) = preSolution
		Debug|Any CPU = Debug|Any CPU
		Release|Any CPU = Release|Any CPU
	EndGlobalSection
	GlobalSection(ProjectConfigurationPlatforms) = postSolution
		{3C17BDB5-91EB-415E-BE77-592F38BE7DB9}.Debug|Any CPU.ActiveCfg = Debug|Any CPU
		{3C17BDB5-91EB-415E-BE77-592F38BE7DB9}.Debug|Any CPU.Build.0 = Debug|Any CPU
		{3C17BDB5-91EB-415E-BE77-592F38BE7DB9}.Release|Any CPU.ActiveCfg = Release|Any CPU
		{3C17BDB5-91EB-415E-BE77-592F38BE7DB9}.Release|Any CPU.Build.0 = Release|Any CPU
	EndGlobalSection
	GlobalSection(SolutionProperties) = preSolution
		HideSolutionNode = FALSE
	EndGlobalSection
	GlobalSection(ExtensibilityGlobals) = postSolution
		SolutionGuid = {1D0D0DED-B227-48EF-9723-8118258BC2F3}
	EndGlobalSection
EndGlobal
