
Microsoft Visual Studio Solution File, Format Version 12.00
# Visual Studio Version 16
VisualStudioVersion = 16.0.29609.76
MinimumVisualStudioVersion = 10.0.40219.1
Project("{FAE04EC0-301F-11D3-BF4B-00C04F79EFBC}") = "ND_Masyvai_6", "ND_Masyvai_6\ND_Masyvai_6.csproj", "{9830CBA8-FC82-49FF-85E9-EE80E9A4DD31}"
EndProject
Global
	GlobalSection(SolutionConfigurationPlatforms) = preSolution
		Debug|Any CPU = Debug|Any CPU
		Release|Any CPU = Release|Any CPU
	EndGlobalSection
	GlobalSection(ProjectConfigurationPlatforms) = postSolution
		{9830CBA8-FC82-49FF-85E9-EE80E9A4DD31}.Debug|Any CPU.ActiveCfg = Debug|Any CPU
		{9830CBA8-FC82-49FF-85E9-EE80E9A4DD31}.Debug|Any CPU.Build.0 = Debug|Any CPU
		{9830CBA8-FC82-49FF-85E9-EE80E9A4DD31}.Release|Any CPU.ActiveCfg = Release|Any CPU
		{9830CBA8-FC82-49FF-85E9-EE80E9A4DD31}.Release|Any CPU.Build.0 = Release|Any CPU
	EndGlobalSection
	GlobalSection(SolutionProperties) = preSolution
		HideSolutionNode = FALSE
	EndGlobalSection
	GlobalSection(ExtensibilityGlobals) = postSolution
		SolutionGuid = {CC12AE5B-EEC0-41C8-8CDE-621C4A98B85D}
	EndGlobalSection
EndGlobal
