
Microsoft Visual Studio Solution File, Format Version 12.00
# Visual Studio Version 16
VisualStudioVersion = 16.0.29609.76
MinimumVisualStudioVersion = 10.0.40219.1
Project("{FAE04EC0-301F-11D3-BF4B-00C04F79EFBC}") = "ND_Ciklai_2", "ND_Ciklai_2\ND_Ciklai_2.csproj", "{552347C0-EBD8-4309-9F95-901F8D3A57A6}"
EndProject
Global
	GlobalSection(SolutionConfigurationPlatforms) = preSolution
		Debug|Any CPU = Debug|Any CPU
		Release|Any CPU = Release|Any CPU
	EndGlobalSection
	GlobalSection(ProjectConfigurationPlatforms) = postSolution
		{552347C0-EBD8-4309-9F95-901F8D3A57A6}.Debug|Any CPU.ActiveCfg = Debug|Any CPU
		{552347C0-EBD8-4309-9F95-901F8D3A57A6}.Debug|Any CPU.Build.0 = Debug|Any CPU
		{552347C0-EBD8-4309-9F95-901F8D3A57A6}.Release|Any CPU.ActiveCfg = Release|Any CPU
		{552347C0-EBD8-4309-9F95-901F8D3A57A6}.Release|Any CPU.Build.0 = Release|Any CPU
	EndGlobalSection
	GlobalSection(SolutionProperties) = preSolution
		HideSolutionNode = FALSE
	EndGlobalSection
	GlobalSection(ExtensibilityGlobals) = postSolution
		SolutionGuid = {890C1895-2CC0-461A-8B4B-0F4C5A76B3CB}
	EndGlobalSection
EndGlobal
